<?xml version="1.0" encoding="utf-8"?>
<Project ToolsVersion="4.0" xmlns="http://schemas.microsoft.com/developer/msbuild/2003">
  <ItemGroup>
    <Filter Include="Source Files">
      <UniqueIdentifier>{1ea28032-fcc1-489b-91f3-7114f1f222f5}</UniqueIdentifier>
      <Extensions>cpp;c;cxx;rc;def;r;odl;idl;hpj;bat</Extensions>
    </Filter>
    <Filter Include="Header Files">
      <UniqueIdentifier>{7b880f17-603d-4a3e-a264-53119363ae4a}</UniqueIdentifier>
      <Extensions>h;hpp;hxx;hm;inl</Extensions>
    </Filter>
    <Filter Include="Resource Files">
      <UniqueIdentifier>{4e33d569-3340-4cbd-a53f-d792520a0518}</UniqueIdentifier>
      <Extensions>ico;cur;bmp;dlg;rc2;rct;bin;rgs;gif;jpg;jpeg;jpe</Extensions>
    </Filter>
  </ItemGroup>
  <ItemGroup>
    <ClCompile Include="BitStreamExtractor.cpp">
      <Filter>Source Files</Filter>
    </ClCompile>
    <ClCompile Include="Extractor.cpp">
      <Filter>Source Files</Filter>
    </ClCompile>
    <ClCompile Include="ExtractorParameter.cpp">
      <Filter>Source Files</Filter>
    </ClCompile>
    <ClCompile Include="ScalableSEIModifyCode.cpp">
      <Filter>Source Files</Filter>
    </ClCompile>
  </ItemGroup>
  <ItemGroup>
    <ClInclude Include="BStreamExtractor.h">
      <Filter>Header Files</Filter>
    </ClInclude>
    <ClInclude Include="Extractor.h">
      <Filter>Header Files</Filter>
    </ClInclude>
    <ClInclude Include="ExtractorParameter.h">
      <Filter>Header Files</Filter>
    </ClInclude>
    <ClInclude Include="ScalableSEIModifyCode.h">
      <Filter>Header Files</Filter>
    </ClInclude>
  </ItemGroup>
</Project>