<?xml version="1.0" encoding="utf-8"?>
<Project ToolsVersion="4.0" xmlns="http://schemas.microsoft.com/developer/msbuild/2003">
  <ItemGroup>
    <Filter Include="Source Files">
      <UniqueIdentifier>{f330cabc-2547-4ffa-aa6c-365012bae892}</UniqueIdentifier>
      <Extensions>cpp;c;cxx;rc;def;r;odl;idl;hpj;bat</Extensions>
    </Filter>
    <Filter Include="Header Files">
      <UniqueIdentifier>{73b3cb97-7d4d-4395-b86b-742b8f36dc33}</UniqueIdentifier>
      <Extensions>h;hpp;hxx;hm;inl</Extensions>
    </Filter>
  </ItemGroup>
  <ItemGroup>
    <ClCompile Include="..\H264AVCDecoderLib\BitReadBuffer.cpp">
      <Filter>Source Files</Filter>
    </ClCompile>
    <ClCompile Include="..\H264AVCDecoderLib\CabacReader.cpp">
      <Filter>Source Files</Filter>
    </ClCompile>
    <ClCompile Include="..\H264AVCDecoderLib\CabaDecoder.cpp">
      <Filter>Source Files</Filter>
    </ClCompile>
    <ClCompile Include="..\H264AVCDecoderLib\ControlMngH264AVCDecoder.cpp">
      <Filter>Source Files</Filter>
    </ClCompile>
    <ClCompile Include="..\H264AVCDecoderLib\CreaterH264AVCDecoder.cpp">
      <Filter>Source Files</Filter>
    </ClCompile>
    <ClCompile Include="..\H264AVCDecoderLib\GOPDecoder.cpp">
      <Filter>Source Files</Filter>
    </ClCompile>
    <ClCompile Include="..\H264AVCDecoderLib\H264AVCDecoder.cpp">
      <Filter>Source Files</Filter>
    </ClCompile>
    <ClCompile Include="..\H264AVCDecoderLib\H264AVCDecoderLib.cpp">
      <Filter>Source Files</Filter>
    </ClCompile>
    <ClCompile Include="..\H264AVCDecoderLib\MbDecoder.cpp">
      <Filter>Source Files</Filter>
    </ClCompile>
    <ClCompile Include="..\H264AVCDecoderLib\MbParser.cpp">
      <Filter>Source Files</Filter>
    </ClCompile>
    <ClCompile Include="..\H264AVCDecoderLib\NalUnitParser.cpp">
      <Filter>Source Files</Filter>
    </ClCompile>
    <ClCompile Include="..\H264AVCDecoderLib\SliceDecoder.cpp">
      <Filter>Source Files</Filter>
    </ClCompile>
    <ClCompile Include="..\H264AVCDecoderLib\SliceReader.cpp">
      <Filter>Source Files</Filter>
    </ClCompile>
    <ClCompile Include="..\H264AVCDecoderLib\UvlcReader.cpp">
      <Filter>Source Files</Filter>
    </ClCompile>
  </ItemGroup>
  <ItemGroup>
    <ClInclude Include="..\H264AVCDecoderLib\BitReadBuffer.h">
      <Filter>Header Files</Filter>
    </ClInclude>
    <ClInclude Include="..\H264AVCDecoderLib\CabacReader.h">
      <Filter>Header Files</Filter>
    </ClInclude>
    <ClInclude Include="..\H264AVCDecoderLib\CabaDecoder.h">
      <Filter>Header Files</Filter>
    </ClInclude>
    <ClInclude Include="..\H264AVCDecoderLib\ControlMngH264AVCDecoder.h">
      <Filter>Header Files</Filter>
    </ClInclude>
    <ClInclude Include="..\..\..\include\CreaterH264AVCDecoder.h">
      <Filter>Header Files</Filter>
    </ClInclude>
    <ClInclude Include="..\H264AVCDecoderLib\DecError.h">
      <Filter>Header Files</Filter>
    </ClInclude>
    <ClInclude Include="..\H264AVCDecoderLib\GOPDecoder.h">
      <Filter>Header Files</Filter>
    </ClInclude>
    <ClInclude Include="..\H264AVCDecoderLib\H264AVCDecoder.h">
      <Filter>Header Files</Filter>
    </ClInclude>
    <ClInclude Include="..\..\..\include\H264AVCDecoderLib.h">
      <Filter>Header Files</Filter>
    </ClInclude>
    <ClInclude Include="..\H264AVCDecoderLib\MbDecoder.h">
      <Filter>Header Files</Filter>
    </ClInclude>
    <ClInclude Include="..\H264AVCDecoderLib\MbParser.h">
      <Filter>Header Files</Filter>
    </ClInclude>
    <ClInclude Include="..\H264AVCDecoderLib\MbSymbolReadIf.h">
      <Filter>Header Files</Filter>
    </ClInclude>
    <ClInclude Include="..\H264AVCDecoderLib\NalUnitParser.h">
      <Filter>Header Files</Filter>
    </ClInclude>
    <ClInclude Include="..\H264AVCDecoderLib\SliceDecoder.h">
      <Filter>Header Files</Filter>
    </ClInclude>
    <ClInclude Include="..\H264AVCDecoderLib\SliceReader.h">
      <Filter>Header Files</Filter>
    </ClInclude>
    <ClInclude Include="..\H264AVCDecoderLib\UvlcReader.h">
      <Filter>Header Files</Filter>
    </ClInclude>
  </ItemGroup>
</Project>