<?xml version="1.0" encoding="utf-8"?>
<Project ToolsVersion="4.0" xmlns="http://schemas.microsoft.com/developer/msbuild/2003">
  <ItemGroup>
    <Filter Include="Source Files">
      <UniqueIdentifier>{e9a49fe4-fb40-4961-a402-10662a2dcd1b}</UniqueIdentifier>
      <Extensions>cpp;c;cxx;rc;def;r;odl;idl;hpj;bat</Extensions>
    </Filter>
    <Filter Include="Header Files">
      <UniqueIdentifier>{21e629f1-e780-4444-9fd0-6178e5a4830a}</UniqueIdentifier>
      <Extensions>h;hpp;hxx;hm;inl</Extensions>
    </Filter>
  </ItemGroup>
  <ItemGroup>
    <ClCompile Include="BitCounter.cpp">
      <Filter>Source Files</Filter>
    </ClCompile>
    <ClCompile Include="BitWriteBuffer.cpp">
      <Filter>Source Files</Filter>
    </ClCompile>
    <ClCompile Include="CabacWriter.cpp">
      <Filter>Source Files</Filter>
    </ClCompile>
    <ClCompile Include="CabaEncoder.cpp">
      <Filter>Source Files</Filter>
    </ClCompile>
    <ClCompile Include="CodingParameter.cpp">
      <Filter>Source Files</Filter>
    </ClCompile>
    <ClCompile Include="ControlMngH264AVCEncoder.cpp">
      <Filter>Source Files</Filter>
    </ClCompile>
    <ClCompile Include="CreaterH264AVCEncoder.cpp">
      <Filter>Source Files</Filter>
    </ClCompile>
    <ClCompile Include="Distortion.cpp">
      <Filter>Source Files</Filter>
    </ClCompile>
    <ClCompile Include="GOPEncoder.cpp">
      <Filter>Source Files</Filter>
    </ClCompile>
    <ClCompile Include="H264AVCEncoder.cpp">
      <Filter>Source Files</Filter>
    </ClCompile>
    <ClCompile Include="H264AVCEncoderLib.cpp">
      <Filter>Source Files</Filter>
    </ClCompile>
    <ClCompile Include="InputPicBuffer.cpp">
      <Filter>Source Files</Filter>
    </ClCompile>
    <ClCompile Include="IntraPredictionSearch.cpp">
      <Filter>Source Files</Filter>
    </ClCompile>
    <ClCompile Include="MbCoder.cpp">
      <Filter>Source Files</Filter>
    </ClCompile>
    <ClCompile Include="MbEncoder.cpp">
      <Filter>Source Files</Filter>
    </ClCompile>
    <ClCompile Include="MbTempData.cpp">
      <Filter>Source Files</Filter>
    </ClCompile>
    <ClCompile Include="MotionEstimation.cpp">
      <Filter>Source Files</Filter>
    </ClCompile>
    <ClCompile Include="MotionEstimationCost.cpp">
      <Filter>Source Files</Filter>
    </ClCompile>
    <ClCompile Include="MotionEstimationQuarterPel.cpp">
      <Filter>Source Files</Filter>
    </ClCompile>
    <ClCompile Include="NalUnitEncoder.cpp">
      <Filter>Source Files</Filter>
    </ClCompile>
    <ClCompile Include="PicEncoder.cpp">
      <Filter>Source Files</Filter>
    </ClCompile>
    <ClCompile Include="RateCtlBase.cpp">
      <Filter>Source Files</Filter>
    </ClCompile>
    <ClCompile Include="RateCtlQuadratic.cpp">
      <Filter>Source Files</Filter>
    </ClCompile>
    <ClCompile Include="RateDistortion.cpp">
      <Filter>Source Files</Filter>
    </ClCompile>
    <ClCompile Include="RecPicBuffer.cpp">
      <Filter>Source Files</Filter>
    </ClCompile>
    <ClCompile Include="Scheduler.cpp">
      <Filter>Source Files</Filter>
    </ClCompile>
    <ClCompile Include="SequenceStructure.cpp">
      <Filter>Source Files</Filter>
    </ClCompile>
    <ClCompile Include="SliceEncoder.cpp">
      <Filter>Source Files</Filter>
    </ClCompile>
    <ClCompile Include="UvlcWriter.cpp">
      <Filter>Source Files</Filter>
    </ClCompile>
  </ItemGroup>
  <ItemGroup>
    <ClInclude Include="BitCounter.h">
      <Filter>Header Files</Filter>
    </ClInclude>
    <ClInclude Include="BitWriteBuffer.h">
      <Filter>Header Files</Filter>
    </ClInclude>
    <ClInclude Include="BitWriteBufferIf.h">
      <Filter>Header Files</Filter>
    </ClInclude>
    <ClInclude Include="CabacWriter.h">
      <Filter>Header Files</Filter>
    </ClInclude>
    <ClInclude Include="CabaEncoder.h">
      <Filter>Header Files</Filter>
    </ClInclude>
    <ClInclude Include="..\..\..\include\CodingParameter.h">
      <Filter>Header Files</Filter>
    </ClInclude>
    <ClInclude Include="ControlMngH264AVCEncoder.h">
      <Filter>Header Files</Filter>
    </ClInclude>
    <ClInclude Include="..\..\..\include\CreaterH264AVCEncoder.h">
      <Filter>Header Files</Filter>
    </ClInclude>
    <ClInclude Include="Distortion.h">
      <Filter>Header Files</Filter>
    </ClInclude>
    <ClInclude Include="DistortionIf.h">
      <Filter>Header Files</Filter>
    </ClInclude>
    <ClInclude Include="GOPEncoder.h">
      <Filter>Header Files</Filter>
    </ClInclude>
    <ClInclude Include="H264AVCEncoder.h">
      <Filter>Header Files</Filter>
    </ClInclude>
    <ClInclude Include="..\..\..\include\H264AVCEncoderLib.h">
      <Filter>Header Files</Filter>
    </ClInclude>
    <ClInclude Include="InputPicBuffer.h">
      <Filter>Header Files</Filter>
    </ClInclude>
    <ClInclude Include="IntraPredictionSearch.h">
      <Filter>Header Files</Filter>
    </ClInclude>
    <ClInclude Include="MbCoder.h">
      <Filter>Header Files</Filter>
    </ClInclude>
    <ClInclude Include="MbEncoder.h">
      <Filter>Header Files</Filter>
    </ClInclude>
    <ClInclude Include="MbSymbolWriteIf.h">
      <Filter>Header Files</Filter>
    </ClInclude>
    <ClInclude Include="MbTempData.h">
      <Filter>Header Files</Filter>
    </ClInclude>
    <ClInclude Include="MotionEstimation.h">
      <Filter>Header Files</Filter>
    </ClInclude>
    <ClInclude Include="MotionEstimationCost.h">
      <Filter>Header Files</Filter>
    </ClInclude>
    <ClInclude Include="MotionEstimationQuarterPel.h">
      <Filter>Header Files</Filter>
    </ClInclude>
    <ClInclude Include="NalUnitEncoder.h">
      <Filter>Header Files</Filter>
    </ClInclude>
    <ClInclude Include="PicEncoder.h">
      <Filter>Header Files</Filter>
    </ClInclude>
    <ClInclude Include="..\..\..\include\RateCtlBase.h">
      <Filter>Header Files</Filter>
    </ClInclude>
    <ClInclude Include="..\..\..\include\RateCtlQuadratic.h">
      <Filter>Header Files</Filter>
    </ClInclude>
    <ClInclude Include="RateDistortion.h">
      <Filter>Header Files</Filter>
    </ClInclude>
    <ClInclude Include="RateDistortionIf.h">
      <Filter>Header Files</Filter>
    </ClInclude>
    <ClInclude Include="RecPicBuffer.h">
      <Filter>Header Files</Filter>
    </ClInclude>
    <ClInclude Include="Scheduler.h">
      <Filter>Header Files</Filter>
    </ClInclude>
    <ClInclude Include="SequenceStructure.h">
      <Filter>Header Files</Filter>
    </ClInclude>
    <ClInclude Include="SliceEncoder.h">
      <Filter>Header Files</Filter>
    </ClInclude>
    <ClInclude Include="UvlcWriter.h">
      <Filter>Header Files</Filter>
    </ClInclude>
  </ItemGroup>
</Project>