<?xml version="1.0" encoding="utf-8"?>
<Project ToolsVersion="4.0" xmlns="http://schemas.microsoft.com/developer/msbuild/2003">
  <ItemGroup>
    <Filter Include="Source Files">
      <UniqueIdentifier>{be17084d-c76a-4f24-805e-3668a073859d}</UniqueIdentifier>
      <Extensions>cpp;c;cxx;rc;def;r;odl;idl;hpj;bat</Extensions>
    </Filter>
    <Filter Include="Header Files">
      <UniqueIdentifier>{2d95bf1f-a593-470c-86b6-10b01adf6947}</UniqueIdentifier>
      <Extensions>h;hpp;hxx;hm;inl</Extensions>
    </Filter>
  </ItemGroup>
  <ItemGroup>
    <ClCompile Include="BitReadBuffer.cpp">
      <Filter>Source Files</Filter>
    </ClCompile>
    <ClCompile Include="CabacReader.cpp">
      <Filter>Source Files</Filter>
    </ClCompile>
    <ClCompile Include="CabaDecoder.cpp">
      <Filter>Source Files</Filter>
    </ClCompile>
    <ClCompile Include="ControlMngH264AVCDecoder.cpp">
      <Filter>Source Files</Filter>
    </ClCompile>
    <ClCompile Include="CreaterH264AVCDecoder.cpp">
      <Filter>Source Files</Filter>
    </ClCompile>
    <ClCompile Include="GOPDecoder.cpp">
      <Filter>Source Files</Filter>
    </ClCompile>
    <ClCompile Include="H264AVCDecoder.cpp">
      <Filter>Source Files</Filter>
    </ClCompile>
    <ClCompile Include="H264AVCDecoderLib.cpp">
      <Filter>Source Files</Filter>
    </ClCompile>
    <ClCompile Include="MbDecoder.cpp">
      <Filter>Source Files</Filter>
    </ClCompile>
    <ClCompile Include="MbParser.cpp">
      <Filter>Source Files</Filter>
    </ClCompile>
    <ClCompile Include="NalUnitParser.cpp">
      <Filter>Source Files</Filter>
    </ClCompile>
    <ClCompile Include="SliceDecoder.cpp">
      <Filter>Source Files</Filter>
    </ClCompile>
    <ClCompile Include="SliceReader.cpp">
      <Filter>Source Files</Filter>
    </ClCompile>
    <ClCompile Include="UvlcReader.cpp">
      <Filter>Source Files</Filter>
    </ClCompile>
  </ItemGroup>
  <ItemGroup>
    <ClInclude Include="BitReadBuffer.h">
      <Filter>Header Files</Filter>
    </ClInclude>
    <ClInclude Include="CabacReader.h">
      <Filter>Header Files</Filter>
    </ClInclude>
    <ClInclude Include="CabaDecoder.h">
      <Filter>Header Files</Filter>
    </ClInclude>
    <ClInclude Include="ControlMngH264AVCDecoder.h">
      <Filter>Header Files</Filter>
    </ClInclude>
    <ClInclude Include="..\..\..\include\CreaterH264AVCDecoder.h">
      <Filter>Header Files</Filter>
    </ClInclude>
    <ClInclude Include="GOPDecoder.h">
      <Filter>Header Files</Filter>
    </ClInclude>
    <ClInclude Include="H264AVCDecoder.h">
      <Filter>Header Files</Filter>
    </ClInclude>
    <ClInclude Include="..\..\..\include\H264AVCDecoderLib.h">
      <Filter>Header Files</Filter>
    </ClInclude>
    <ClInclude Include="MbDecoder.h">
      <Filter>Header Files</Filter>
    </ClInclude>
    <ClInclude Include="MbParser.h">
      <Filter>Header Files</Filter>
    </ClInclude>
    <ClInclude Include="MbSymbolReadIf.h">
      <Filter>Header Files</Filter>
    </ClInclude>
    <ClInclude Include="NalUnitParser.h">
      <Filter>Header Files</Filter>
    </ClInclude>
    <ClInclude Include="SliceDecoder.h">
      <Filter>Header Files</Filter>
    </ClInclude>
    <ClInclude Include="SliceReader.h">
      <Filter>Header Files</Filter>
    </ClInclude>
    <ClInclude Include="UvlcReader.h">
      <Filter>Header Files</Filter>
    </ClInclude>
  </ItemGroup>
</Project>